
Microsoft Visual Studio Solution File, Format Version 12.00
# Visual Studio Version 16
VisualStudioVersion = 16.0.31424.327
MinimumVisualStudioVersion = 10.0.40219.1
Project("{9A19103F-16F7-4668-BE54-9A1E7A4F7556}") = "FileEditor", "..\FileEditor.csproj", "{919ADC38-87E2-4FA2-987F-5D5BE4FF895F}"
EndProject
Project("{9A19103F-16F7-4668-BE54-9A1E7A4F7556}") = "Utils", "..\Utils\Utils.csproj", "{B0A280A8-7094-4217-954F-19D1739CEBFC}"
EndProject
Global
	GlobalSection(SolutionConfigurationPlatforms) = preSolution
		Debug|Any CPU = Debug|Any CPU
		Release|Any CPU = Release|Any CPU
	EndGlobalSection
	GlobalSection(ProjectConfigurationPlatforms) = postSolution
		{919ADC38-87E2-4FA2-987F-5D5BE4FF895F}.Debug|Any CPU.ActiveCfg = Debug|Any CPU
		{919ADC38-87E2-4FA2-987F-5D5BE4FF895F}.Debug|Any CPU.Build.0 = Debug|Any CPU
		{919ADC38-87E2-4FA2-987F-5D5BE4FF895F}.Release|Any CPU.ActiveCfg = Release|Any CPU
		{919ADC38-87E2-4FA2-987F-5D5BE4FF895F}.Release|Any CPU.Build.0 = Release|Any CPU
		{B0A280A8-7094-4217-954F-19D1739CEBFC}.Debug|Any CPU.ActiveCfg = Debug|Any CPU
		{B0A280A8-7094-4217-954F-19D1739CEBFC}.Debug|Any CPU.Build.0 = Debug|Any CPU
		{B0A280A8-7094-4217-954F-19D1739CEBFC}.Release|Any CPU.ActiveCfg = Release|Any CPU
		{B0A280A8-7094-4217-954F-19D1739CEBFC}.Release|Any CPU.Build.0 = Release|Any CPU
	EndGlobalSection
	GlobalSection(SolutionProperties) = preSolution
		HideSolutionNode = FALSE
	EndGlobalSection
	GlobalSection(ExtensibilityGlobals) = postSolution
		SolutionGuid = {9473F5A0-77DC-4847-8952-A448BD77DA87}
	EndGlobalSection
EndGlobal
